// !$*UTF8*$!
{
	archiveVersion = 1;
	classes = {
	};
	objectVersion = 46;
	objects = {

/* Begin PBXBuildFile section */
		099300641FDAF1B70040ACE0 /* AppDelegate.swift in Sources */ = {isa = PBXBuildFile; fileRef = 099300631FDAF1B70040ACE0 /* AppDelegate.swift */; };
		099300661FDAF1B70040ACE0 /* ViewController.swift in Sources */ = {isa = PBXBuildFile; fileRef = 099300651FDAF1B70040ACE0 /* ViewController.swift */; };
		099300691FDAF1B70040ACE0 /* Main.storyboard in Resources */ = {isa = PBXBuildFile; fileRef = 099300671FDAF1B70040ACE0 /* Main.storyboard */; };
		0993006B1FDAF1B70040ACE0 /* Assets.xcassets in Resources */ = {isa = PBXBuildFile; fileRef = 0993006A1FDAF1B70040ACE0 /* Assets.xcassets */; };
		0993006E1FDAF1B70040ACE0 /* LaunchScreen.storyboard in Resources */ = {isa = PBXBuildFile; fileRef = 0993006C1FDAF1B70040ACE0 /* LaunchScreen.storyboard */; };
		099300761FDAF2B10040ACE0 /* MoviesDetailsTableCell.xib in Resources */ = {isa = PBXBuildFile; fileRef = 099300751FDAF2B10040ACE0 /* MoviesDetailsTableCell.xib */; };
		099300781FDAF7B20040ACE0 /* MoviesDetailsTableCell.swift in Sources */ = {isa = PBXBuildFile; fileRef = 099300771FDAF7B20040ACE0 /* MoviesDetailsTableCell.swift */; };
		0993007A1FDAF88E0040ACE0 /* Movies.swift in Sources */ = {isa = PBXBuildFile; fileRef = 099300791FDAF88E0040ACE0 /* Movies.swift */; };
		CBC34121046110B7EA9EFABA /* Pods_MoviesDetailsApp.framework in Frameworks */ = {isa = PBXBuildFile; fileRef = 03F97CCD27DB051FAEF3A716 /* Pods_MoviesDetailsApp.framework */; };
/* End PBXBuildFile section */

/* Begin PBXFileReference section */
		03F97CCD27DB051FAEF3A716 /* Pods_MoviesDetailsApp.framework */ = {isa = PBXFileReference; explicitFileType = wrapper.framework; includeInIndex = 0; path = Pods_MoviesDetailsApp.framework; sourceTree = BUILT_PRODUCTS_DIR; };
		099300601FDAF1B70040ACE0 /* MoviesDetailsApp.app */ = {isa = PBXFileReference; explicitFileType = wrapper.application; includeInIndex = 0; path = MoviesDetailsApp.app; sourceTree = BUILT_PRODUCTS_DIR; };
		099300631FDAF1B70040ACE0 /* AppDelegate.swift */ = {isa = PBXFileReference; lastKnownFileType = sourcecode.swift; path = AppDelegate.swift; sourceTree = "<group>"; };
		099300651FDAF1B70040ACE0 /* ViewController.swift */ = {isa = PBXFileReference; lastKnownFileType = sourcecode.swift; path = ViewController.swift; sourceTree = "<group>"; };
		099300681FDAF1B70040ACE0 /* Base */ = {isa = PBXFileReference; lastKnownFileType = file.storyboard; name = Base; path = Base.lproj/Main.storyboard; sourceTree = "<group>"; };
		0993006A1FDAF1B70040ACE0 /* Assets.xcassets */ = {isa = PBXFileReference; lastKnownFileType = folder.assetcatalog; path = Assets.xcassets; sourceTree = "<group>"; };
		0993006D1FDAF1B70040ACE0 /* Base */ = {isa = PBXFileReference; lastKnownFileType = file.storyboard; name = Base; path = Base.lproj/LaunchScreen.storyboard; sourceTree = "<group>"; };
		0993006F1FDAF1B70040ACE0 /* Info.plist */ = {isa = PBXFileReference; lastKnownFileType = text.plist.xml; path = Info.plist; sourceTree = "<group>"; };
		099300751FDAF2B10040ACE0 /* MoviesDetailsTableCell.xib */ = {isa = PBXFileReference; fileEncoding = 4; lastKnownFileType = file.xib; path = MoviesDetailsTableCell.xib; sourceTree = "<group>"; };
		099300771FDAF7B20040ACE0 /* MoviesDetailsTableCell.swift */ = {isa = PBXFileReference; fileEncoding = 4; lastKnownFileType = sourcecode.swift; path = MoviesDetailsTableCell.swift; sourceTree = "<group>"; };
		099300791FDAF88E0040ACE0 /* Movies.swift */ = {isa = PBXFileReference; fileEncoding = 4; lastKnownFileType = sourcecode.swift; path = Movies.swift; sourceTree = "<group>"; };
		4C9CDE242BD81C9BDD1AE6EE /* Pods-MoviesDetailsApp.debug.xcconfig */ = {isa = PBXFileReference; includeInIndex = 1; lastKnownFileType = text.xcconfig; name = "Pods-MoviesDetailsApp.debug.xcconfig"; path = "Pods/Target Support Files/Pods-MoviesDetailsApp/Pods-MoviesDetailsApp.debug.xcconfig"; sourceTree = "<group>"; };
		A18FEC6EB728BD4129B834D2 /* Pods-MoviesDetailsApp.release.xcconfig */ = {isa = PBXFileReference; includeInIndex = 1; lastKnownFileType = text.xcconfig; name = "Pods-MoviesDetailsApp.release.xcconfig"; path = "Pods/Target Support Files/Pods-MoviesDetailsApp/Pods-MoviesDetailsApp.release.xcconfig"; sourceTree = "<group>"; };
/* End PBXFileReference section */

/* Begin PBXFrameworksBuildPhase section */
		0993005D1FDAF1B60040ACE0 /* Frameworks */ = {
			isa = PBXFrameworksBuildPhase;
			buildActionMask = 2147483647;
			files = (
				CBC34121046110B7EA9EFABA /* Pods_MoviesDetailsApp.framework in Frameworks */,
			);
			runOnlyForDeploymentPostprocessing = 0;
		};
/* End PBXFrameworksBuildPhase section */

/* Begin PBXGroup section */
		099300571FDAF1B60040ACE0 = {
			isa = PBXGroup;
			children = (
				099300621FDAF1B70040ACE0 /* MoviesDetailsApp */,
				099300611FDAF1B70040ACE0 /* Products */,
				F9CE11E624F11F9148CA54C7 /* Pods */,
				9CCC42920E7632F9A9E447FA /* Frameworks */,
			);
			sourceTree = "<group>";
		};
		099300611FDAF1B70040ACE0 /* Products */ = {
			isa = PBXGroup;
			children = (
				099300601FDAF1B70040ACE0 /* MoviesDetailsApp.app */,
			);
			name = Products;
			sourceTree = "<group>";
		};
		099300621FDAF1B70040ACE0 /* MoviesDetailsApp */ = {
			isa = PBXGroup;
			children = (
				099300631FDAF1B70040ACE0 /* AppDelegate.swift */,
				099300651FDAF1B70040ACE0 /* ViewController.swift */,
				099300671FDAF1B70040ACE0 /* Main.storyboard */,
				099300751FDAF2B10040ACE0 /* MoviesDetailsTableCell.xib */,
				099300771FDAF7B20040ACE0 /* MoviesDetailsTableCell.swift */,
				099300791FDAF88E0040ACE0 /* Movies.swift */,
				0993006A1FDAF1B70040ACE0 /* Assets.xcassets */,
				0993006C1FDAF1B70040ACE0 /* LaunchScreen.storyboard */,
				0993006F1FDAF1B70040ACE0 /* Info.plist */,
			);
			path = MoviesDetailsApp;
			sourceTree = "<group>";
		};
		9CCC42920E7632F9A9E447FA /* Frameworks */ = {
			isa = PBXGroup;
			children = (
				03F97CCD27DB051FAEF3A716 /* Pods_MoviesDetailsApp.framework */,
			);
			name = Frameworks;
			sourceTree = "<group>";
		};
		F9CE11E624F11F9148CA54C7 /* Pods */ = {
			isa = PBXGroup;
			children = (
				4C9CDE242BD81C9BDD1AE6EE /* Pods-MoviesDetailsApp.debug.xcconfig */,
				A18FEC6EB728BD4129B834D2 /* Pods-MoviesDetailsApp.release.xcconfig */,
			);
			name = Pods;
			sourceTree = "<group>";
		};
/* End PBXGroup section */

/* Begin PBXNativeTarget section */
		0993005F1FDAF1B60040ACE0 /* MoviesDetailsApp */ = {
			isa = PBXNativeTarget;
			buildConfigurationList = 099300721FDAF1B70040ACE0 /* Build configuration list for PBXNativeTarget "MoviesDetailsApp" */;
			buildPhases = (
				8CB2F907B444339FEA50E56E /* [CP] Check Pods Manifest.lock */,
				0993005C1FDAF1B60040ACE0 /* Sources */,
				0993005D1FDAF1B60040ACE0 /* Frameworks */,
				0993005E1FDAF1B60040ACE0 /* Resources */,
				F5951F9BE7C99FA7419B82DD /* [CP] Embed Pods Frameworks */,
				BA41762377C6036AB496D83C /* [CP] Copy Pods Resources */,
			);
			buildRules = (
			);
			dependencies = (
			);
			name = MoviesDetailsApp;
			productName = MoviesDetailsApp;
			productReference = 099300601FDAF1B70040ACE0 /* MoviesDetailsApp.app */;
			productType = "com.apple.product-type.application";
		};
/* End PBXNativeTarget section */

/* Begin PBXProject section */
		099300581FDAF1B60040ACE0 /* Project object */ = {
			isa = PBXProject;
			attributes = {
				LastSwiftUpdateCheck = 0820;
				LastUpgradeCheck = 0820;
				ORGANIZATIONNAME = moviees;
				TargetAttributes = {
					0993005F1FDAF1B60040ACE0 = {
						CreatedOnToolsVersion = 8.2.1;
						DevelopmentTeam = WAGXRCHGD8;
						ProvisioningStyle = Automatic;
					};
				};
			};
			buildConfigurationList = 0993005B1FDAF1B60040ACE0 /* Build configuration list for PBXProject "MoviesDetailsApp" */;
			compatibilityVersion = "Xcode 3.2";
			developmentRegion = English;
			hasScannedForEncodings = 0;
			knownRegions = (
				en,
				Base,
			);
			mainGroup = 099300571FDAF1B60040ACE0;
			productRefGroup = 099300611FDAF1B70040ACE0 /* Products */;
			projectDirPath = "";
			projectRoot = "";
			targets = (
				0993005F1FDAF1B60040ACE0 /* MoviesDetailsApp */,
			);
		};
/* End PBXProject section */

/* Begin PBXResourcesBuildPhase section */
		0993005E1FDAF1B60040ACE0 /* Resources */ = {
			isa = PBXResourcesBuildPhase;
			buildActionMask = 2147483647;
			files = (
				099300761FDAF2B10040ACE0 /* MoviesDetailsTableCell.xib in Resources */,
				0993006E1FDAF1B70040ACE0 /* LaunchScreen.storyboard in Resources */,
				0993006B1FDAF1B70040ACE0 /* Assets.xcassets in Resources */,
				099300691FDAF1B70040ACE0 /* Main.storyboard in Resources */,
			);
			runOnlyForDeploymentPostprocessing = 0;
		};
/* End PBXResourcesBuildPhase section */

/* Begin PBXShellScriptBuildPhase section */
		8CB2F907B444339FEA50E56E /* [CP] Check Pods Manifest.lock */ = {
			isa = PBXShellScriptBuildPhase;
			buildActionMask = 2147483647;
			files = (
			);
			inputPaths = (
			);
			name = "[CP] Check Pods Manifest.lock";
			outputPaths = (
			);
			runOnlyForDeploymentPostprocessing = 0;
			shellPath = /bin/sh;
			shellScript = "diff \"${PODS_ROOT}/../Podfile.lock\" \"${PODS_ROOT}/Manifest.lock\" > /dev/null\nif [ $? != 0 ] ; then\n    # print error to STDERR\n    echo \"error: The sandbox is not in sync with the Podfile.lock. Run 'pod install' or update your CocoaPods installation.\" >&2\n    exit 1\nfi\n";
			showEnvVarsInLog = 0;
		};
		BA41762377C6036AB496D83C /* [CP] Copy Pods Resources */ = {
			isa = PBXShellScriptBuildPhase;
			buildActionMask = 2147483647;
			files = (
			);
			inputPaths = (
			);
			name = "[CP] Copy Pods Resources";
			outputPaths = (
			);
			runOnlyForDeploymentPostprocessing = 0;
			shellPath = /bin/sh;
			shellScript = "\"${SRCROOT}/Pods/Target Support Files/Pods-MoviesDetailsApp/Pods-MoviesDetailsApp-resources.sh\"\n";
			showEnvVarsInLog = 0;
		};
		F5951F9BE7C99FA7419B82DD /* [CP] Embed Pods Frameworks */ = {
			isa = PBXShellScriptBuildPhase;
			buildActionMask = 2147483647;
			files = (
			);
			inputPaths = (
			);
			name = "[CP] Embed Pods Frameworks";
			outputPaths = (
			);
			runOnlyForDeploymentPostprocessing = 0;
			shellPath = /bin/sh;
			shellScript = "\"${SRCROOT}/Pods/Target Support Files/Pods-MoviesDetailsApp/Pods-MoviesDetailsApp-frameworks.sh\"\n";
			showEnvVarsInLog = 0;
		};
/* End PBXShellScriptBuildPhase section */

/* Begin PBXSourcesBuildPhase section */
		0993005C1FDAF1B60040ACE0 /* Sources */ = {
			isa = PBXSourcesBuildPhase;
			buildActionMask = 2147483647;
			files = (
				099300661FDAF1B70040ACE0 /* ViewController.swift in Sources */,
				099300781FDAF7B20040ACE0 /* MoviesDetailsTableCell.swift in Sources */,
				0993007A1FDAF88E0040ACE0 /* Movies.swift in Sources */,
				099300641FDAF1B70040ACE0 /* AppDelegate.swift in Sources */,
			);
			runOnlyForDeploymentPostprocessing = 0;
		};
/* End PBXSourcesBuildPhase section */

/* Begin PBXVariantGroup section */
		099300671FDAF1B70040ACE0 /* Main.storyboard */ = {
			isa = PBXVariantGroup;
			children = (
				099300681FDAF1B70040ACE0 /* Base */,
			);
			name = Main.storyboard;
			sourceTree = "<group>";
		};
		0993006C1FDAF1B70040ACE0 /* LaunchScreen.storyboard */ = {
			isa = PBXVariantGroup;
			children = (
				0993006D1FDAF1B70040ACE0 /* Base */,
			);
			name = LaunchScreen.storyboard;
			sourceTree = "<group>";
		};
/* End PBXVariantGroup section */

/* Begin XCBuildConfiguration section */
		099300701FDAF1B70040ACE0 /* Debug */ = {
			isa = XCBuildConfiguration;
			buildSettings = {
				ALWAYS_SEARCH_USER_PATHS = NO;
				CLANG_ANALYZER_NONNULL = YES;
				CLANG_CXX_LANGUAGE_STANDARD = "gnu++0x";
				CLANG_CXX_LIBRARY = "libc++";
				CLANG_ENABLE_MODULES = YES;
				CLANG_ENABLE_OBJC_ARC = YES;
				CLANG_WARN_BOOL_CONVERSION = YES;
				CLANG_WARN_CONSTANT_CONVERSION = YES;
				CLANG_WARN_DIRECT_OBJC_ISA_USAGE = YES_ERROR;
				CLANG_WARN_DOCUMENTATION_COMMENTS = YES;
				CLANG_WARN_EMPTY_BODY = YES;
				CLANG_WARN_ENUM_CONVERSION = YES;
				CLANG_WARN_INFINITE_RECURSION = YES;
				CLANG_WARN_INT_CONVERSION = YES;
				CLANG_WARN_OBJC_ROOT_CLASS = YES_ERROR;
				CLANG_WARN_SUSPICIOUS_MOVE = YES;
				CLANG_WARN_UNREACHABLE_CODE = YES;
				CLANG_WARN__DUPLICATE_METHOD_MATCH = YES;
				"CODE_SIGN_IDENTITY[sdk=iphoneos*]" = "iPhone Developer";
				COPY_PHASE_STRIP = NO;
				DEBUG_INFORMATION_FORMAT = dwarf;
				ENABLE_STRICT_OBJC_MSGSEND = YES;
				ENABLE_TESTABILITY = YES;
				GCC_C_LANGUAGE_STANDARD = gnu99;
				GCC_DYNAMIC_NO_PIC = NO;
				GCC_NO_COMMON_BLOCKS = YES;
				GCC_OPTIMIZATION_LEVEL = 0;
				GCC_PREPROCESSOR_DEFINITIONS = (
					"DEBUG=1",
					"$(inherited)",
				);
				GCC_WARN_64_TO_32_BIT_CONVERSION = YES;
				GCC_WARN_ABOUT_RETURN_TYPE = YES_ERROR;
				GCC_WARN_UNDECLARED_SELECTOR = YES;
				GCC_WARN_UNINITIALIZED_AUTOS = YES_AGGRESSIVE;
				GCC_WARN_UNUSED_FUNCTION = YES;
				GCC_WARN_UNUSED_VARIABLE = YES;
				IPHONEOS_DEPLOYMENT_TARGET = 10.2;
				MTL_ENABLE_DEBUG_INFO = YES;
				ONLY_ACTIVE_ARCH = YES;
				SDKROOT = iphoneos;
				SWIFT_ACTIVE_COMPILATION_CONDITIONS = DEBUG;
				SWIFT_OPTIMIZATION_LEVEL = "-Onone";
				TARGETED_DEVICE_FAMILY = "1,2";
			};
			name = Debug;
		};
		099300711FDAF1B70040ACE0 /* Release */ = {
			isa = XCBuildConfiguration;
			buildSettings = {
				ALWAYS_SEARCH_USER_PATHS = NO;
				CLANG_ANALYZER_NONNULL = YES;
				CLANG_CXX_LANGUAGE_STANDARD = "gnu++0x";
				CLANG_CXX_LIBRARY = "libc++";
				CLANG_ENABLE_MODULES = YES;
				CLANG_ENABLE_OBJC_ARC = YES;
				CLANG_WARN_BOOL_CONVERSION = YES;
				CLANG_WARN_CONSTANT_CONVERSION = YES;
				CLANG_WARN_DIRECT_OBJC_ISA_USAGE = YES_ERROR;
				CLANG_WARN_DOCUMENTATION_COMMENTS = YES;
				CLANG_WARN_EMPTY_BODY = YES;
				CLANG_WARN_ENUM_CONVERSION = YES;
				CLANG_WARN_INFINITE_RECURSION = YES;
				CLANG_WARN_INT_CONVERSION = YES;
				CLANG_WARN_OBJC_ROOT_CLASS = YES_ERROR;
				CLANG_WARN_SUSPICIOUS_MOVE = YES;
				CLANG_WARN_UNREACHABLE_CODE = YES;
				CLANG_WARN__DUPLICATE_METHOD_MATCH = YES;
				"CODE_SIGN_IDENTITY[sdk=iphoneos*]" = "iPhone Developer";
				COPY_PHASE_STRIP = NO;
				DEBUG_INFORMATION_FORMAT = "dwarf-with-dsym";
				ENABLE_NS_ASSERTIONS = NO;
				ENABLE_STRICT_OBJC_MSGSEND = YES;
				GCC_C_LANGUAGE_STANDARD = gnu99;
				GCC_NO_COMMON_BLOCKS = YES;
				GCC_WARN_64_TO_32_BIT_CONVERSION = YES;
				GCC_WARN_ABOUT_RETURN_TYPE = YES_ERROR;
				GCC_WARN_UNDECLARED_SELECTOR = YES;
				GCC_WARN_UNINITIALIZED_AUTOS = YES_AGGRESSIVE;
				GCC_WARN_UNUSED_FUNCTION = YES;
				GCC_WARN_UNUSED_VARIABLE = YES;
				IPHONEOS_DEPLOYMENT_TARGET = 10.2;
				MTL_ENABLE_DEBUG_INFO = NO;
				SDKROOT = iphoneos;
				SWIFT_OPTIMIZATION_LEVEL = "-Owholemodule";
				TARGETED_DEVICE_FAMILY = "1,2";
				VALIDATE_PRODUCT = YES;
			};
			name = Release;
		};
		099300731FDAF1B70040ACE0 /* Debug */ = {
			isa = XCBuildConfiguration;
			baseConfigurationReference = 4C9CDE242BD81C9BDD1AE6EE /* Pods-MoviesDetailsApp.debug.xcconfig */;
			buildSettings = {
				ASSETCATALOG_COMPILER_APPICON_NAME = AppIcon;
				DEVELOPMENT_TEAM = WAGXRCHGD8;
				INFOPLIST_FILE = MoviesDetailsApp/Info.plist;
				LD_RUNPATH_SEARCH_PATHS = "$(inherited) @executable_path/Frameworks";
				PRODUCT_BUNDLE_IDENTIFIER = com.movies.saurabh.MoviesDetailsApp;
				PRODUCT_NAME = "$(TARGET_NAME)";
				SWIFT_VERSION = 3.0;
			};
			name = Debug;
		};
		099300741FDAF1B70040ACE0 /* Release */ = {
			isa = XCBuildConfiguration;
			baseConfigurationReference = A18FEC6EB728BD4129B834D2 /* Pods-MoviesDetailsApp.release.xcconfig */;
			buildSettings = {
				ASSETCATALOG_COMPILER_APPICON_NAME = AppIcon;
				DEVELOPMENT_TEAM = WAGXRCHGD8;
				INFOPLIST_FILE = MoviesDetailsApp/Info.plist;
				LD_RUNPATH_SEARCH_PATHS = "$(inherited) @executable_path/Frameworks";
				PRODUCT_BUNDLE_IDENTIFIER = com.movies.saurabh.MoviesDetailsApp;
				PRODUCT_NAME = "$(TARGET_NAME)";
				SWIFT_VERSION = 3.0;
			};
			name = Release;
		};
/* End XCBuildConfiguration section */

/* Begin XCConfigurationList section */
		0993005B1FDAF1B60040ACE0 /* Build configuration list for PBXProject "MoviesDetailsApp" */ = {
			isa = XCConfigurationList;
			buildConfigurations = (
				099300701FDAF1B70040ACE0 /* Debug */,
				099300711FDAF1B70040ACE0 /* Release */,
			);
			defaultConfigurationIsVisible = 0;
			defaultConfigurationName = Release;
		};
		099300721FDAF1B70040ACE0 /* Build configuration list for PBXNativeTarget "MoviesDetailsApp" */ = {
			isa = XCConfigurationList;
			buildConfigurations = (
				099300731FDAF1B70040ACE0 /* Debug */,
				099300741FDAF1B70040ACE0 /* Release */,
			);
			defaultConfigurationIsVisible = 0;
		};
/* End XCConfigurationList section */
	};
	rootObject = 099300581FDAF1B60040ACE0 /* Project object */;
}
